<Solution>
  <Project Path="Assembly-CSharp.csproj" />
  <Project Path="Adobe.Substance.csproj" />
  <Project Path="Adobe.Substance.Connector.csproj" />
  <Project Path="Adobe.Substance.Runtime.csproj" />
  <Project Path="Adobe.SubstanceEditor.csproj" />
  <Project Path="Adobe.Substance.Connector.Unity.csproj" />
</Solution>
